# THIS IS AN AUTOGENERATED FILE. DO NOT EDIT THIS FILE DIRECTLY.
# yarn lockfile v1


"@aha-app/aha-develop-react@^1.0.6":
  version "1.0.6"
  resolved "https://registry.yarnpkg.com/@aha-app/aha-develop-react/-/aha-develop-react-1.0.6.tgz#1a85f9c24ea03e27b5abd5b9aa7b8e5a9cd53cf4"
  integrity sha512-eDTLvj5kUdt8vQHhKJuAk6McAoN6jbwLTSS6K4c2/dFDVEW9APetFTXg8VOX6RsV2HPjfeGXf5nEk7pwgNSOlQ==

"@types/prop-types@*":
  version "15.7.4"
  resolved "https://registry.yarnpkg.com/@types/prop-types/-/prop-types-15.7.4.tgz#fcf7205c25dff795ee79af1e30da2c9790808f11"
  integrity sha512-rZ5drC/jWjrArrS8BR6SIr4cWpW09RNTYt9AMZo3Jwwif+iacXAqgVjm0B0Bv/S1jhDXKHqRVNCbACkJ89RAnQ==

"@types/react-dom@^18.0.3":
  version "18.0.3"
  resolved "https://registry.yarnpkg.com/@types/react-dom/-/react-dom-18.0.3.tgz#a022ea08c75a476fe5e96b675c3e673363853831"
  integrity sha512-1RRW9kst+67gveJRYPxGmVy8eVJ05O43hg77G2j5m76/RFJtMbcfAs2viQ2UNsvvDg8F7OfQZx8qQcl6ymygaQ==
  dependencies:
    "@types/react" "*"

"@types/react@*":
  version "17.0.39"
  resolved "https://registry.yarnpkg.com/@types/react/-/react-17.0.39.tgz#d0f4cde092502a6db00a1cded6e6bf2abb7633ce"
  integrity sha512-UVavlfAxDd/AgAacMa60Azl7ygyQNRwC/DsHZmKgNvPmRR5p70AJ5Q9EAmL2NWOJmeV+vVUI4IAP7GZrN8h8Ug==
  dependencies:
    "@types/prop-types" "*"
    "@types/scheduler" "*"
    csstype "^3.0.2"

"@types/react@^18.0.8":
  version "18.0.8"
  resolved "https://registry.yarnpkg.com/@types/react/-/react-18.0.8.tgz#a051eb380a9fbcaa404550543c58e1cf5ce4ab87"
  integrity sha512-+j2hk9BzCOrrOSJASi5XiOyBbERk9jG5O73Ya4M0env5Ixi6vUNli4qy994AINcEF+1IEHISYFfIT4zwr++LKw==
  dependencies:
    "@types/prop-types" "*"
    "@types/scheduler" "*"
    csstype "^3.0.2"

"@types/scheduler@*":
  version "0.16.2"
  resolved "https://registry.yarnpkg.com/@types/scheduler/-/scheduler-0.16.2.tgz#1a62f89525723dde24ba1b01b092bf5df8ad4d39"
  integrity sha512-hppQEBDmlwhFAXKJX2KnWLYu5yMfi91yazPb2l+lbJiwW+wdo1gNeRA+3RgNSO39WYX2euey41KEwnqesU2Jew==

csstype@^3.0.2:
  version "3.0.11"
  resolved "https://registry.yarnpkg.com/csstype/-/csstype-3.0.11.tgz#d66700c5eacfac1940deb4e3ee5642792d85cd33"
  integrity sha512-sa6P2wJ+CAbgyy4KFssIb/JNMLxFvKF1pCYCSXS8ZMuqZnMsrxqI2E5sPyoTpxoPU/gVZMzr2zjOfg8GIZOMsw==

moment@^2.29.3:
  version "2.29.3"
  resolved "https://registry.yarnpkg.com/moment/-/moment-2.29.3.tgz#edd47411c322413999f7a5940d526de183c031f3"
  integrity sha512-c6YRvhEo//6T2Jz/vVtYzqBzwvPT95JBQ+smCytzf7c50oMZRsR/a4w88aD34I+/QVSfnoAnSBFPJHItlOMJVw==

prettier@^2.6.2:
  version "2.6.2"
  resolved "https://registry.yarnpkg.com/prettier/-/prettier-2.6.2.tgz#e26d71a18a74c3d0f0597f55f01fb6c06c206032"
  integrity sha512-PkUpF+qoXTqhOeWL9fu7As8LXsIUZ1WYaJiY/a7McAQzxjk82OF0tibkFXVCDImZtWxbvojFjerkiLb0/q8mew==
