# THIS IS AN AUTOGENERATED FILE. DO NOT EDIT THIS FILE DIRECTLY.
# yarn lockfile v1


"@aha-app/aha-develop-react@^1.0.6":
  version "1.0.6"
  resolved "https://registry.yarnpkg.com/@aha-app/aha-develop-react/-/aha-develop-react-1.0.6.tgz#1a85f9c24ea03e27b5abd5b9aa7b8e5a9cd53cf4"
  integrity sha512-eDTLvj5kUdt8vQHhKJuAk6McAoN6jbwLTSS6K4c2/dFDVEW9APetFTXg8VOX6RsV2HPjfeGXf5nEk7pwgNSOlQ==

"@types/prop-types@*":
  version "15.7.4"
  resolved "https://registry.yarnpkg.com/@types/prop-types/-/prop-types-15.7.4.tgz#fcf7205c25dff795ee79af1e30da2c9790808f11"
  integrity sha512-rZ5drC/jWjrArrS8BR6SIr4cWpW09RNTYt9AMZo3Jwwif+iacXAqgVjm0B0Bv/S1jhDXKHqRVNCbACkJ89RAnQ==

"@types/react-dom@^17.0.13":
  version "17.0.13"
  resolved "https://registry.yarnpkg.com/@types/react-dom/-/react-dom-17.0.13.tgz#a3323b974ee4280070982b3112351bb1952a7809"
  integrity sha512-wEP+B8hzvy6ORDv1QBhcQia4j6ea4SFIBttHYpXKPFZRviBvknq0FRh3VrIxeXUmsPkwuXVZrVGG7KUVONmXCQ==
  dependencies:
    "@types/react" "*"

"@types/react@*", "@types/react@^17.0.39":
  version "17.0.39"
  resolved "https://registry.yarnpkg.com/@types/react/-/react-17.0.39.tgz#d0f4cde092502a6db00a1cded6e6bf2abb7633ce"
  integrity sha512-UVavlfAxDd/AgAacMa60Azl7ygyQNRwC/DsHZmKgNvPmRR5p70AJ5Q9EAmL2NWOJmeV+vVUI4IAP7GZrN8h8Ug==
  dependencies:
    "@types/prop-types" "*"
    "@types/scheduler" "*"
    csstype "^3.0.2"

"@types/scheduler@*":
  version "0.16.2"
  resolved "https://registry.yarnpkg.com/@types/scheduler/-/scheduler-0.16.2.tgz#1a62f89525723dde24ba1b01b092bf5df8ad4d39"
  integrity sha512-hppQEBDmlwhFAXKJX2KnWLYu5yMfi91yazPb2l+lbJiwW+wdo1gNeRA+3RgNSO39WYX2euey41KEwnqesU2Jew==

csstype@^3.0.2:
  version "3.0.11"
  resolved "https://registry.yarnpkg.com/csstype/-/csstype-3.0.11.tgz#d66700c5eacfac1940deb4e3ee5642792d85cd33"
  integrity sha512-sa6P2wJ+CAbgyy4KFssIb/JNMLxFvKF1pCYCSXS8ZMuqZnMsrxqI2E5sPyoTpxoPU/gVZMzr2zjOfg8GIZOMsw==

moment@^2.29.1:
  version "2.29.1"
  resolved "https://registry.yarnpkg.com/moment/-/moment-2.29.1.tgz#b2be769fa31940be9eeea6469c075e35006fa3d3"
  integrity sha512-kHmoybcPV8Sqy59DwNDY3Jefr64lK/by/da0ViFcuA4DH0vQg5Q6Ze5VimxkfQNSC+Mls/Kx53s7TjP1RhFEDQ==

prettier@^2.5.1:
  version "2.5.1"
  resolved "https://registry.yarnpkg.com/prettier/-/prettier-2.5.1.tgz#fff75fa9d519c54cf0fce328c1017d94546bc56a"
  integrity sha512-vBZcPRUR5MZJwoyi3ZoyQlc1rXeEck8KgeC9AwwOn+exuxLxq5toTRDTSaVrXHxelDMHy9zlicw8u66yxoSUFg==
